
Microsoft Visual Studio Solution File, Format Version 12.00
# Visual Studio 15
VisualStudioVersion = 15.0.28307.421
MinimumVisualStudioVersion = 10.0.40219.1
Project("{9A19103F-16F7-4668-BE54-9A1E7A4F7556}") = "NorthwindApp", "NorthwindApp\NorthwindApp.csproj", "{16B01132-B969-4C6D-B9C0-524B8E626C8A}"
EndProject
Project("{2150E333-8FDC-42A3-9474-1A3956D46DE8}") = "Access", "Access", "{4F7D41B2-D3F0-4DE2-B835-3DAA2F90C735}"
EndProject
Project("{2150E333-8FDC-42A3-9474-1A3956D46DE8}") = "SQL", "SQL", "{E9158334-7875-427B-9DC0-F98B394939C3}"
EndProject
Project("{9A19103F-16F7-4668-BE54-9A1E7A4F7556}") = "Access.EntityFramework", "Access.EntityFramework\Access.EntityFramework.csproj", "{A9B643D1-4A11-461E-BEFF-913791844A81}"
EndProject
Project("{FAE04EC0-301F-11D3-BF4B-00C04F79EFBC}") = "BusinessLayer", "BusinessLayer\BusinessLayer.csproj", "{69DED4DE-1AA7-445B-9C6C-436DB9AC319B}"
EndProject
Global
	GlobalSection(SolutionConfigurationPlatforms) = preSolution
		Debug|Any CPU = Debug|Any CPU
		Release|Any CPU = Release|Any CPU
	EndGlobalSection
	GlobalSection(ProjectConfigurationPlatforms) = postSolution
		{16B01132-B969-4C6D-B9C0-524B8E626C8A}.Debug|Any CPU.ActiveCfg = Debug|Any CPU
		{16B01132-B969-4C6D-B9C0-524B8E626C8A}.Debug|Any CPU.Build.0 = Debug|Any CPU
		{16B01132-B969-4C6D-B9C0-524B8E626C8A}.Release|Any CPU.ActiveCfg = Release|Any CPU
		{16B01132-B969-4C6D-B9C0-524B8E626C8A}.Release|Any CPU.Build.0 = Release|Any CPU
		{A9B643D1-4A11-461E-BEFF-913791844A81}.Debug|Any CPU.ActiveCfg = Debug|Any CPU
		{A9B643D1-4A11-461E-BEFF-913791844A81}.Debug|Any CPU.Build.0 = Debug|Any CPU
		{A9B643D1-4A11-461E-BEFF-913791844A81}.Release|Any CPU.ActiveCfg = Release|Any CPU
		{A9B643D1-4A11-461E-BEFF-913791844A81}.Release|Any CPU.Build.0 = Release|Any CPU
		{69DED4DE-1AA7-445B-9C6C-436DB9AC319B}.Debug|Any CPU.ActiveCfg = Debug|Any CPU
		{69DED4DE-1AA7-445B-9C6C-436DB9AC319B}.Debug|Any CPU.Build.0 = Debug|Any CPU
		{69DED4DE-1AA7-445B-9C6C-436DB9AC319B}.Release|Any CPU.ActiveCfg = Release|Any CPU
		{69DED4DE-1AA7-445B-9C6C-436DB9AC319B}.Release|Any CPU.Build.0 = Release|Any CPU
	EndGlobalSection
	GlobalSection(SolutionProperties) = preSolution
		HideSolutionNode = FALSE
	EndGlobalSection
	GlobalSection(NestedProjects) = preSolution
		{E9158334-7875-427B-9DC0-F98B394939C3} = {4F7D41B2-D3F0-4DE2-B835-3DAA2F90C735}
		{A9B643D1-4A11-461E-BEFF-913791844A81} = {E9158334-7875-427B-9DC0-F98B394939C3}
	EndGlobalSection
	GlobalSection(ExtensibilityGlobals) = postSolution
		SolutionGuid = {E88BBC82-6700-45FA-8FE0-E06AEF427697}
	EndGlobalSection
EndGlobal
